
Microsoft Visual Studio Solution File, Format Version 12.00
# Visual Studio Version 17
VisualStudioVersion = 17.12.35707.178
MinimumVisualStudioVersion = 10.0.40219.1
Project("{FAE04EC0-301F-11D3-BF4B-00C04F79EFBC}") = "BOOKSY", "BOOKSY.csproj", "{3CC69D4A-C5A8-4358-A824-BD5B197794C4}"
EndProject
Project("{FAE04EC0-301F-11D3-BF4B-00C04F79EFBC}") = "BOOKSY.DataAccess", "..\BOOKSY.DataAccess\BOOKSY.DataAccess.csproj", "{B01EA57E-5417-4BD8-8AEC-10ED494703B6}"
EndProject
Project("{FAE04EC0-301F-11D3-BF4B-00C04F79EFBC}") = "BOOKSY.Utility", "..\BOOKSY.Utility\BOOKSY.Utility.csproj", "{6D0BECC1-2743-4E20-AF8A-55141F74D099}"
EndProject
Project("{FAE04EC0-301F-11D3-BF4B-00C04F79EFBC}") = "BOOKSY.Models", "..\BOOKSY.Models\BOOKSY.Models.csproj", "{5123A49E-3013-493B-95A1-D559277BA873}"
EndProject
Global
	GlobalSection(SolutionConfigurationPlatforms) = preSolution
		Debug|Any CPU = Debug|Any CPU
		Release|Any CPU = Release|Any CPU
	EndGlobalSection
	GlobalSection(ProjectConfigurationPlatforms) = postSolution
		{3CC69D4A-C5A8-4358-A824-BD5B197794C4}.Debug|Any CPU.ActiveCfg = Debug|Any CPU
		{3CC69D4A-C5A8-4358-A824-BD5B197794C4}.Debug|Any CPU.Build.0 = Debug|Any CPU
		{3CC69D4A-C5A8-4358-A824-BD5B197794C4}.Release|Any CPU.ActiveCfg = Release|Any CPU
		{3CC69D4A-C5A8-4358-A824-BD5B197794C4}.Release|Any CPU.Build.0 = Release|Any CPU
		{B01EA57E-5417-4BD8-8AEC-10ED494703B6}.Debug|Any CPU.ActiveCfg = Debug|Any CPU
		{B01EA57E-5417-4BD8-8AEC-10ED494703B6}.Debug|Any CPU.Build.0 = Debug|Any CPU
		{B01EA57E-5417-4BD8-8AEC-10ED494703B6}.Release|Any CPU.ActiveCfg = Release|Any CPU
		{B01EA57E-5417-4BD8-8AEC-10ED494703B6}.Release|Any CPU.Build.0 = Release|Any CPU
		{6D0BECC1-2743-4E20-AF8A-55141F74D099}.Debug|Any CPU.ActiveCfg = Debug|Any CPU
		{6D0BECC1-2743-4E20-AF8A-55141F74D099}.Debug|Any CPU.Build.0 = Debug|Any CPU
		{6D0BECC1-2743-4E20-AF8A-55141F74D099}.Release|Any CPU.ActiveCfg = Release|Any CPU
		{6D0BECC1-2743-4E20-AF8A-55141F74D099}.Release|Any CPU.Build.0 = Release|Any CPU
		{5123A49E-3013-493B-95A1-D559277BA873}.Debug|Any CPU.ActiveCfg = Debug|Any CPU
		{5123A49E-3013-493B-95A1-D559277BA873}.Debug|Any CPU.Build.0 = Debug|Any CPU
		{5123A49E-3013-493B-95A1-D559277BA873}.Release|Any CPU.ActiveCfg = Release|Any CPU
		{5123A49E-3013-493B-95A1-D559277BA873}.Release|Any CPU.Build.0 = Release|Any CPU
	EndGlobalSection
	GlobalSection(SolutionProperties) = preSolution
		HideSolutionNode = FALSE
	EndGlobalSection
EndGlobal
